{
    "_meta": {
        "hash": {
            "sha256": "b8d6d06da7d47fc092a94296e2e92298b735a867690edc11510cfa065cdc814b"
        },
        "requires": {
            "python_version": "3.6"
        },
        "sources": [
            {
                "url": "https://pypi.python.org/simple",
                "verify_ssl": true
            }
        ]
    },
    "default": {
        "colorama": {
            "hash": "sha256:463f8483208e921368c9f306094eb6f725c6ca42b0f97e313cb5d5512459feda",
            "version": "==0.3.9"
        },
        "crayons": {
            "hash": "sha256:5e17691605e564d63482067eb6327d01a584bbaf870beffd4456a3391bd8809d",
            "version": "==0.1.2"
        },
        "gevent": {
            "hash": "sha256:833bebdc36bfeeedefc200ca9aee9b8eddd80f56b63ca1e886e18b97b1240edd",
            "version": "==1.2.2"
        },
        "greenlet": {
            "hash": "sha256:e4c99c6010a5d153d481fdaf63b8a0782825c0721506d880403a3b9b82ae347e",
            "version": "==0.4.12"
        },
        "protobuf": {
            "hash": "sha256:1cbcee2c45773f57cb6de7ee0eceb97f92b9b69c0178305509b162c0160c1f04",
            "version": "==3.3.0"
        },
        "setuptools": {
            "hash": "sha256:f2900e560efc479938a219433c48f15a4ff4ecfe575a65de385eeb44f2425587",
            "version": "==36.0.1"
        },
        "six": {
            "hash": "sha256:0ff78c403d9bccf5a425a6d31a12aa6b47f1c21ca4dc2573a7e2f32a97335eb1",
            "version": "==1.10.0"
        }
    },
    "develop": {
        "certifi": {
            "hash": "sha256:f4318671072f030a33c7ca6acaef720ddd50ff124d1388e50c1bda4cbd6d7010",
            "version": "==2017.4.17"
        },
        "chardet": {
            "hash": "sha256:fc323ffcaeaed0e0a02bf4d117757b98aed530d9ed4531e3e15460124c106691",
            "version": "==3.0.4"
        },
        "idna": {
            "hash": "sha256:cc19709fd6d0cbfed39ea875d29ba6d4e22c0cebc510a76d6302a28385e8bb70",
            "version": "==2.5"
        },
        "py": {
            "hash": "sha256:2ccb79b01769d99115aa600d7eed99f524bf752bba8f041dc1c184853514655a",
            "version": "==1.4.34"
        },
        "pytest": {
            "hash": "sha256:41e618f317957505ae2e81935733d8304d84170f7e21dfb15184d6fa8d7a5230",
            "version": "==3.1.2"
        },
        "pytest-pythonpath": {
            "hash": "sha256:2d506b8d7dbc2535a16c888211b7319ad32b3e73444bd9dbb1dd19427a6c7414",
            "version": "==0.7.1"
        },
        "requests": {
            "hash": "sha256:6afd3371c1f4c1970497cdcace5c5ecbbe58267bf05ca1abd93d99d170803ab7",
            "version": "==2.18.1"
        },
        "setuptools": {
            "hash": "sha256:f2900e560efc479938a219433c48f15a4ff4ecfe575a65de385eeb44f2425587",
            "version": "==36.0.1"
        },
        "urllib3": {
            "hash": "sha256:8ed6d5c1ff9d6ba84677310060d6a3a78ca3072ce0684cb3c645023009c114b1",
            "version": "==1.21.1"
        }
    }
}