{
    "_meta": {
        "hash": {
            "sha256": "bf682b55da78aed8cd6b67f481ac8a4b4acf771fffd8fe719963e7ad370d4c14"
        },
        "requires": {
            "python_version": "3.6"
        },
        "sources": [
            {
                "url": "https://pypi.python.org/simple",
                "verify_ssl": true
            }
        ]
    },
    "default": {
        "appdirs": {
            "hash": "sha256:d8b24664561d0d34ddfaec54636d502d7cea6e29c3eaf68f3df6180863e2166e",
            "version": "==1.4.3"
        },
        "colorama": {
            "hash": "sha256:37fed83335fc371eebe48f6f297081962e162c10fc54d47253c6354734eb9625",
            "version": "==0.3.8"
        },
        "crayons": {
            "hash": "sha256:5e17691605e564d63482067eb6327d01a584bbaf870beffd4456a3391bd8809d",
            "version": "==0.1.2"
        },
        "gevent": {
            "hash": "sha256:fa493697197912937cd4a0038a495421dcb066b622294fd95bcd77afa3c8b9ca",
            "version": "==1.2.1"
        },
        "greenlet": {
            "hash": "sha256:e4c99c6010a5d153d481fdaf63b8a0782825c0721506d880403a3b9b82ae347e",
            "version": "==0.4.12"
        },
        "packaging": {
            "hash": "sha256:99276dc6e3a7851f32027a68f1095cd3f77c148091b092ea867a351811cfe388",
            "version": "==16.8"
        },
        "protobuf": {
            "hash": "sha256:55030bccd91a54836b9c551b99234f5efbc9721c8b93c80569fbe94aca0b9c35",
            "version": "==3.2.0"
        },
        "pyparsing": {
            "hash": "sha256:fee43f17a9c4087e7ed1605bd6df994c6173c1e977d7ade7b651292fab2bd010",
            "version": "==2.2.0"
        },
        "setuptools": {
            "hash": "sha256:33a7b7910651bea57164c6c6dd66a2b1c5196c0f78ee2ff7319ce7bd031714c0",
            "version": "==35.0.1"
        },
        "six": {
            "hash": "sha256:0ff78c403d9bccf5a425a6d31a12aa6b47f1c21ca4dc2573a7e2f32a97335eb1",
            "version": "==1.10.0"
        }
    },
    "develop": {
        "appdirs": {
            "hash": "sha256:d8b24664561d0d34ddfaec54636d502d7cea6e29c3eaf68f3df6180863e2166e",
            "version": "==1.4.3"
        },
        "packaging": {
            "hash": "sha256:99276dc6e3a7851f32027a68f1095cd3f77c148091b092ea867a351811cfe388",
            "version": "==16.8"
        },
        "py": {
            "hash": "sha256:81b5e37db3cc1052de438375605fb5d3b3e97f950f415f9143f04697c684d7eb",
            "version": "==1.4.33"
        },
        "pyparsing": {
            "hash": "sha256:fee43f17a9c4087e7ed1605bd6df994c6173c1e977d7ade7b651292fab2bd010",
            "version": "==2.2.0"
        },
        "pytest": {
            "hash": "sha256:66f332ae62593b874a648b10a8cb106bfdacd2c6288ed7dec3713c3a808a6017",
            "version": "==3.0.7"
        },
        "pytest-pythonpath": {
            "hash": "sha256:2d506b8d7dbc2535a16c888211b7319ad32b3e73444bd9dbb1dd19427a6c7414",
            "version": "==0.7.1"
        },
        "setuptools": {
            "hash": "sha256:33a7b7910651bea57164c6c6dd66a2b1c5196c0f78ee2ff7319ce7bd031714c0",
            "version": "==35.0.1"
        },
        "six": {
            "hash": "sha256:0ff78c403d9bccf5a425a6d31a12aa6b47f1c21ca4dc2573a7e2f32a97335eb1",
            "version": "==1.10.0"
        }
    }
}